<?xml version="1.0" encoding="utf-8"?>
<Project ToolsVersion="4.0" xmlns="http://schemas.microsoft.com/developer/msbuild/2003">
  <ItemGroup>
    <Filter Include="Source Files">
      <UniqueIdentifier>{4FC737F1-C7A5-4376-A066-2A32D752A2FF}</UniqueIdentifier>
      <Extensions>cpp;c;cc;cxx;c++;cppm;ixx;def;odl;idl;hpj;bat;asm;asmx</Extensions>
    </Filter>
    <Filter Include="Header Files">
      <UniqueIdentifier>{93995380-89BD-4b04-88EB-625FBE52EBFB}</UniqueIdentifier>
      <Extensions>h;hh;hpp;hxx;h++;hm;inl;inc;ipp;xsd</Extensions>
    </Filter>
    <Filter Include="Resource Files">
      <UniqueIdentifier>{67DA6AB6-F800-4c08-8B7A-83BB121AAD01}</UniqueIdentifier>
      <Extensions>rc;ico;cur;bmp;dlg;rc2;rct;bin;rgs;gif;jpg;jpeg;jpe;resx;tiff;tif;png;wav;mfcribbon-ms</Extensions>
    </Filter>
  </ItemGroup>
  <ItemGroup>
    <ClCompile Include="source\boilerplate_main.cpp">
      <Filter>Source Files</Filter>
    </ClCompile>
    <ClCompile Include="source\GL_Helpers.cpp">
      <Filter>Source Files</Filter>
    </ClCompile>
    <ClCompile Include="source\System.cpp">
      <Filter>Source Files</Filter>
    </ClCompile>
    <ClCompile Include="ThirdParty\imgui\imgui.cpp">
      <Filter>Source Files</Filter>
    </ClCompile>
    <ClCompile Include="ThirdParty\imgui\imgui_demo.cpp">
      <Filter>Source Files</Filter>
    </ClCompile>
    <ClCompile Include="ThirdParty\imgui\imgui_draw.cpp">
      <Filter>Source Files</Filter>
    </ClCompile>
    <ClCompile Include="ThirdParty\imgui\imgui_impl_glfw.cpp">
      <Filter>Source Files</Filter>
    </ClCompile>
    <ClCompile Include="ThirdParty\imgui\imgui_impl_opengl3.cpp">
      <Filter>Source Files</Filter>
    </ClCompile>
    <ClCompile Include="ThirdParty\imgui\imgui_tables.cpp">
      <Filter>Source Files</Filter>
    </ClCompile>
    <ClCompile Include="ThirdParty\imgui\imgui_widgets.cpp">
      <Filter>Source Files</Filter>
    </ClCompile>
    <ClCompile Include="ThirdParty\irrKlang\plugins\ikpMP3\decoder\bits.c">
      <Filter>Source Files</Filter>
    </ClCompile>
    <ClCompile Include="ThirdParty\irrKlang\plugins\ikpMP3\decoder\mpaudec.c">
      <Filter>Source Files</Filter>
    </ClCompile>
    <ClCompile Include="ThirdParty\irrKlang\plugins\ikpMP3\CIrrKlangAudioStreamLoaderMP3.cpp">
      <Filter>Source Files</Filter>
    </ClCompile>
    <ClCompile Include="ThirdParty\irrKlang\plugins\ikpMP3\CIrrKlangAudioStreamMP3.cpp">
      <Filter>Source Files</Filter>
    </ClCompile>
    <ClCompile Include="ThirdParty\irrKlang\plugins\ikpMP3\ikpMP3.cpp">
      <Filter>Source Files</Filter>
    </ClCompile>
    <ClCompile Include="bluebook\ch2_1.cpp">
      <Filter>Source Files</Filter>
    </ClCompile>
    <ClCompile Include="bluebook\ch2_2.cpp">
      <Filter>Source Files</Filter>
    </ClCompile>
  </ItemGroup>
  <ItemGroup>
    <ClInclude Include="headers\GL_Helpers.h">
      <Filter>Header Files</Filter>
    </ClInclude>
    <ClInclude Include="ThirdParty\glew-2.1.0\include\GL\eglew.h">
      <Filter>Header Files</Filter>
    </ClInclude>
    <ClInclude Include="ThirdParty\glew-2.1.0\include\GL\glew.h">
      <Filter>Header Files</Filter>
    </ClInclude>
    <ClInclude Include="ThirdParty\glew-2.1.0\include\GL\glxew.h">
      <Filter>Header Files</Filter>
    </ClInclude>
    <ClInclude Include="ThirdParty\glew-2.1.0\include\GL\wglew.h">
      <Filter>Header Files</Filter>
    </ClInclude>
    <ClInclude Include="ThirdParty\glfw\include\GLFW\glfw3.h">
      <Filter>Header Files</Filter>
    </ClInclude>
    <ClInclude Include="ThirdParty\glfw\include\GLFW\glfw3native.h">
      <Filter>Header Files</Filter>
    </ClInclude>
    <ClInclude Include="headers\System.h">
      <Filter>Header Files</Filter>
    </ClInclude>
    <ClInclude Include="ThirdParty\imgui\imconfig.h">
      <Filter>Header Files</Filter>
    </ClInclude>
    <ClInclude Include="ThirdParty\imgui\imgui.h">
      <Filter>Header Files</Filter>
    </ClInclude>
    <ClInclude Include="ThirdParty\imgui\imgui_impl_glfw.h">
      <Filter>Header Files</Filter>
    </ClInclude>
    <ClInclude Include="ThirdParty\imgui\imgui_impl_opengl3.h">
      <Filter>Header Files</Filter>
    </ClInclude>
    <ClInclude Include="ThirdParty\imgui\imgui_internal.h">
      <Filter>Header Files</Filter>
    </ClInclude>
    <ClInclude Include="ThirdParty\imgui\imstb_rectpack.h">
      <Filter>Header Files</Filter>
    </ClInclude>
    <ClInclude Include="ThirdParty\imgui\imstb_textedit.h">
      <Filter>Header Files</Filter>
    </ClInclude>
    <ClInclude Include="ThirdParty\imgui\imstb_truetype.h">
      <Filter>Header Files</Filter>
    </ClInclude>
    <ClInclude Include="ThirdParty\imgui\imgui_impl_opengl3_loader.h">
      <Filter>Header Files</Filter>
    </ClInclude>
    <ClInclude Include="ThirdParty\irrKlang\include\ik_ESoundEngineOptions.h">
      <Filter>Header Files</Filter>
    </ClInclude>
    <ClInclude Include="ThirdParty\irrKlang\include\ik_ESoundOutputDrivers.h">
      <Filter>Header Files</Filter>
    </ClInclude>
    <ClInclude Include="ThirdParty\irrKlang\include\ik_EStreamModes.h">
      <Filter>Header Files</Filter>
    </ClInclude>
    <ClInclude Include="ThirdParty\irrKlang\include\ik_IAudioRecorder.h">
      <Filter>Header Files</Filter>
    </ClInclude>
    <ClInclude Include="ThirdParty\irrKlang\include\ik_IAudioStream.h">
      <Filter>Header Files</Filter>
    </ClInclude>
    <ClInclude Include="ThirdParty\irrKlang\include\ik_IAudioStreamLoader.h">
      <Filter>Header Files</Filter>
    </ClInclude>
    <ClInclude Include="ThirdParty\irrKlang\include\ik_IFileFactory.h">
      <Filter>Header Files</Filter>
    </ClInclude>
    <ClInclude Include="ThirdParty\irrKlang\include\ik_IFileReader.h">
      <Filter>Header Files</Filter>
    </ClInclude>
    <ClInclude Include="ThirdParty\irrKlang\include\ik_IRefCounted.h">
      <Filter>Header Files</Filter>
    </ClInclude>
    <ClInclude Include="ThirdParty\irrKlang\include\ik_irrKlangTypes.h">
      <Filter>Header Files</Filter>
    </ClInclude>
    <ClInclude Include="ThirdParty\irrKlang\include\ik_ISound.h">
      <Filter>Header Files</Filter>
    </ClInclude>
    <ClInclude Include="ThirdParty\irrKlang\include\ik_ISoundDeviceList.h">
      <Filter>Header Files</Filter>
    </ClInclude>
    <ClInclude Include="ThirdParty\irrKlang\include\ik_ISoundEffectControl.h">
      <Filter>Header Files</Filter>
    </ClInclude>
    <ClInclude Include="ThirdParty\irrKlang\include\ik_ISoundEngine.h">
      <Filter>Header Files</Filter>
    </ClInclude>
    <ClInclude Include="ThirdParty\irrKlang\include\ik_ISoundMixedOutputReceiver.h">
      <Filter>Header Files</Filter>
    </ClInclude>
    <ClInclude Include="ThirdParty\irrKlang\include\ik_ISoundSource.h">
      <Filter>Header Files</Filter>
    </ClInclude>
    <ClInclude Include="ThirdParty\irrKlang\include\ik_ISoundStopEventReceiver.h">
      <Filter>Header Files</Filter>
    </ClInclude>
    <ClInclude Include="ThirdParty\irrKlang\include\ik_IVirtualRefCounted.h">
      <Filter>Header Files</Filter>
    </ClInclude>
    <ClInclude Include="ThirdParty\irrKlang\include\ik_SAudioStreamFormat.h">
      <Filter>Header Files</Filter>
    </ClInclude>
    <ClInclude Include="ThirdParty\irrKlang\include\ik_vec3d.h">
      <Filter>Header Files</Filter>
    </ClInclude>
    <ClInclude Include="ThirdParty\irrKlang\include\irrKlang.h">
      <Filter>Header Files</Filter>
    </ClInclude>
    <ClInclude Include="ThirdParty\irrKlang\plugins\ikpMP3\decoder\internal.h">
      <Filter>Header Files</Filter>
    </ClInclude>
    <ClInclude Include="ThirdParty\irrKlang\plugins\ikpMP3\decoder\mpaudec.h">
      <Filter>Header Files</Filter>
    </ClInclude>
    <ClInclude Include="ThirdParty\irrKlang\plugins\ikpMP3\decoder\mpaudectab.h">
      <Filter>Header Files</Filter>
    </ClInclude>
    <ClInclude Include="ThirdParty\irrKlang\plugins\ikpMP3\decoder\mpegaudio.h">
      <Filter>Header Files</Filter>
    </ClInclude>
    <ClInclude Include="ThirdParty\irrKlang\plugins\ikpMP3\CIrrKlangAudioStreamLoaderMP3.h">
      <Filter>Header Files</Filter>
    </ClInclude>
    <ClInclude Include="ThirdParty\irrKlang\plugins\ikpMP3\CIrrKlangAudioStreamMP3.h">
      <Filter>Header Files</Filter>
    </ClInclude>
    <ClInclude Include="headers\Current_Project.h">
      <Filter>Header Files</Filter>
    </ClInclude>
  </ItemGroup>
  <ItemGroup>
    <None Include="shaders\triangles.vert">
      <Filter>Resource Files</Filter>
    </None>
    <None Include="shaders\triangles.frag">
      <Filter>Resource Files</Filter>
    </None>
    <None Include="ThirdParty\glfw\lib-vc2022\glfw3.dll" />
    <None Include="glew32.dll" />
    <None Include="glfw3.dll" />
    <None Include="ThirdParty\glew-2.1.0\bin\Release\x64\glew32.dll" />
    <None Include="ThirdParty\glfw\LICENSE.md" />
    <None Include=".gitignore" />
    <None Include="ikpFlac.dll" />
    <None Include="ikpMP3.dll" />
    <None Include="irrKlang.dll" />
    <None Include="ThirdParty\irrKlang\lib\Winx64-visualStudio\irrKlang.exp" />
    <None Include="ThirdParty\irrKlang\media\getout.ogg" />
    <None Include=".gitattributes" />
  </ItemGroup>
  <ItemGroup>
    <Text Include="resources\Notes.txt">
      <Filter>Resource Files</Filter>
    </Text>
    <Text Include="ThirdParty\glew-2.1.0\LICENSE.txt" />
  </ItemGroup>
  <ItemGroup>
    <Image Include="resources\Icon.bmp">
      <Filter>Resource Files</Filter>
    </Image>
  </ItemGroup>
  <ItemGroup>
    <Library Include="ThirdParty\glew-2.1.0\lib\Release\x64\glew32.lib" />
    <Library Include="ThirdParty\glfw\lib-vc2022\glfw3.lib" />
    <Library Include="ThirdParty\irrKlang\lib\Winx64-visualStudio\irrKlang.lib" />
  </ItemGroup>
  <ItemGroup>
    <Media Include="ThirdParty\irrKlang\media\bell.wav">
      <Filter>Resource Files</Filter>
    </Media>
    <Media Include="ThirdParty\irrKlang\media\ophelia.mp3" />
    <Media Include="resources\startup.mp3" />
  </ItemGroup>
</Project>